
Microsoft Visual Studio Solution File, Format Version 12.00
# Visual Studio Version 16
VisualStudioVersion = 16.0.29230.47
MinimumVisualStudioVersion = 10.0.40219.1
Project("{FAE04EC0-301F-11D3-BF4B-00C04F79EFBC}") = "HelloWorldConsole", "HelloWorldConsole\HelloWorldConsole.csproj", "{45594C49-E2A9-441B-A5AE-281C5814ED32}"
EndProject
Project("{FAE04EC0-301F-11D3-BF4B-00C04F79EFBC}") = "TestHelloWorld", "TestHelloWorld\TestHelloWorld.csproj", "{66276401-680C-49DF-8699-8E944178E411}"
EndProject
Global
	GlobalSection(SolutionConfigurationPlatforms) = preSolution
		Debug|Any CPU = Debug|Any CPU
		Release|Any CPU = Release|Any CPU
	EndGlobalSection
	GlobalSection(ProjectConfigurationPlatforms) = postSolution
		{45594C49-E2A9-441B-A5AE-281C5814ED32}.Debug|Any CPU.ActiveCfg = Debug|Any CPU
		{45594C49-E2A9-441B-A5AE-281C5814ED32}.Debug|Any CPU.Build.0 = Debug|Any CPU
		{45594C49-E2A9-441B-A5AE-281C5814ED32}.Release|Any CPU.ActiveCfg = Release|Any CPU
		{45594C49-E2A9-441B-A5AE-281C5814ED32}.Release|Any CPU.Build.0 = Release|Any CPU
		{66276401-680C-49DF-8699-8E944178E411}.Debug|Any CPU.ActiveCfg = Debug|Any CPU
		{66276401-680C-49DF-8699-8E944178E411}.Debug|Any CPU.Build.0 = Debug|Any CPU
		{66276401-680C-49DF-8699-8E944178E411}.Release|Any CPU.ActiveCfg = Release|Any CPU
		{66276401-680C-49DF-8699-8E944178E411}.Release|Any CPU.Build.0 = Release|Any CPU
	EndGlobalSection
	GlobalSection(SolutionProperties) = preSolution
		HideSolutionNode = FALSE
	EndGlobalSection
	GlobalSection(ExtensibilityGlobals) = postSolution
		SolutionGuid = {A55BD372-0E43-4330-9898-8BA9538ED534}
	EndGlobalSection
EndGlobal
